
Microsoft Visual Studio Solution File, Format Version 12.00
# Visual Studio Version 16
VisualStudioVersion = 16.0.31129.286
MinimumVisualStudioVersion = 10.0.40219.1
Project("{FAE04EC0-301F-11D3-BF4B-00C04F79EFBC}") = "LearningArrays", "LearningArrays\LearningArrays.csproj", "{00533BE0-DB39-42E9-BB33-32FA039988E5}"
EndProject
Global
	GlobalSection(SolutionConfigurationPlatforms) = preSolution
		Debug|Any CPU = Debug|Any CPU
		Release|Any CPU = Release|Any CPU
	EndGlobalSection
	GlobalSection(ProjectConfigurationPlatforms) = postSolution
		{00533BE0-DB39-42E9-BB33-32FA039988E5}.Debug|Any CPU.ActiveCfg = Debug|Any CPU
		{00533BE0-DB39-42E9-BB33-32FA039988E5}.Debug|Any CPU.Build.0 = Debug|Any CPU
		{00533BE0-DB39-42E9-BB33-32FA039988E5}.Release|Any CPU.ActiveCfg = Release|Any CPU
		{00533BE0-DB39-42E9-BB33-32FA039988E5}.Release|Any CPU.Build.0 = Release|Any CPU
	EndGlobalSection
	GlobalSection(SolutionProperties) = preSolution
		HideSolutionNode = FALSE
	EndGlobalSection
	GlobalSection(ExtensibilityGlobals) = postSolution
		SolutionGuid = {AD09DB55-EB2A-4B63-AF49-BDA62E42DACD}
	EndGlobalSection
EndGlobal
